
Microsoft Visual Studio Solution File, Format Version 12.00
# Visual Studio Version 17
VisualStudioVersion = 17.1.32210.238
MinimumVisualStudioVersion = 10.0.40219.1
Project("{FAE04EC0-301F-11D3-BF4B-00C04F79EFBC}") = "LR3_ISRPO2", "LR3_ISRPO2\LR3_ISRPO2.csproj", "{7E870B4B-59B3-4DE7-8658-E97645EAEF75}"
EndProject
Global
	GlobalSection(SolutionConfigurationPlatforms) = preSolution
		Debug|Any CPU = Debug|Any CPU
		Release|Any CPU = Release|Any CPU
	EndGlobalSection
	GlobalSection(ProjectConfigurationPlatforms) = postSolution
		{7E870B4B-59B3-4DE7-8658-E97645EAEF75}.Debug|Any CPU.ActiveCfg = Debug|Any CPU
		{7E870B4B-59B3-4DE7-8658-E97645EAEF75}.Debug|Any CPU.Build.0 = Debug|Any CPU
		{7E870B4B-59B3-4DE7-8658-E97645EAEF75}.Release|Any CPU.ActiveCfg = Release|Any CPU
		{7E870B4B-59B3-4DE7-8658-E97645EAEF75}.Release|Any CPU.Build.0 = Release|Any CPU
	EndGlobalSection
	GlobalSection(SolutionProperties) = preSolution
		HideSolutionNode = FALSE
	EndGlobalSection
	GlobalSection(ExtensibilityGlobals) = postSolution
		SolutionGuid = {3C178C45-B876-4817-A5C3-7D4BD911F21B}
	EndGlobalSection
EndGlobal
